
Microsoft Visual Studio Solution File, Format Version 12.00
# Visual Studio Version 17
VisualStudioVersion = 17.0.31903.59
MinimumVisualStudioVersion = 10.0.40219.1
Project("{2150E333-8FDC-42A3-9474-1A3956D46DE8}") = "src", "src", "{827E0CD3-B72D-47B6-A68D-7590B98EB39B}"
EndProject
Project("{FAE04EC0-301F-11D3-BF4B-00C04F79EFBC}") = "ChatTerror.Protocol", "src\ChatTerror.Protocol\ChatTerror.Protocol.csproj", "{E71F26B5-3FDC-4777-A474-83611B30F1B2}"
EndProject
Project("{FAE04EC0-301F-11D3-BF4B-00C04F79EFBC}") = "ChatTerror.Server", "src\ChatTerror.Server\ChatTerror.Server.csproj", "{29EAD2A3-CC2B-460D-912F-43071DC97513}"
EndProject
Project("{FAE04EC0-301F-11D3-BF4B-00C04F79EFBC}") = "ChatTerror.Plugin", "src\ChatTerror.Plugin\ChatTerror.Plugin.csproj", "{BB7CEDD2-822E-45F8-8733-ABDB76CEC5D8}"
EndProject
Project("{2150E333-8FDC-42A3-9474-1A3956D46DE8}") = "tests", "tests", "{0AB3BF05-4346-4AA6-1389-037BE0695223}"
EndProject
Project("{FAE04EC0-301F-11D3-BF4B-00C04F79EFBC}") = "ChatTerror.Protocol.Tests", "tests\ChatTerror.Protocol.Tests\ChatTerror.Protocol.Tests.csproj", "{1D2168D4-1805-420B-9743-2BE08D064746}"
EndProject
Project("{FAE04EC0-301F-11D3-BF4B-00C04F79EFBC}") = "ChatTerror.Server.Tests", "tests\ChatTerror.Server.Tests\ChatTerror.Server.Tests.csproj", "{0DC1C222-E63C-4D90-98C8-593BB2404D1E}"
EndProject
Project("{FAE04EC0-301F-11D3-BF4B-00C04F79EFBC}") = "ChatTerror.Plugin.Tests", "tests\ChatTerror.Plugin.Tests\ChatTerror.Plugin.Tests.csproj", "{3D7D510B-D2B9-4529-A3FD-54169D05C1A5}"
EndProject
Global
	GlobalSection(SolutionConfigurationPlatforms) = preSolution
		Debug|Any CPU = Debug|Any CPU
		Debug|x64 = Debug|x64
		Debug|x86 = Debug|x86
		Release|Any CPU = Release|Any CPU
		Release|x64 = Release|x64
		Release|x86 = Release|x86
	EndGlobalSection
	GlobalSection(ProjectConfigurationPlatforms) = postSolution
		{E71F26B5-3FDC-4777-A474-83611B30F1B2}.Debug|Any CPU.ActiveCfg = Debug|Any CPU
		{E71F26B5-3FDC-4777-A474-83611B30F1B2}.Debug|Any CPU.Build.0 = Debug|Any CPU
		{E71F26B5-3FDC-4777-A474-83611B30F1B2}.Debug|x64.ActiveCfg = Debug|Any CPU
		{E71F26B5-3FDC-4777-A474-83611B30F1B2}.Debug|x64.Build.0 = Debug|Any CPU
		{E71F26B5-3FDC-4777-A474-83611B30F1B2}.Debug|x86.ActiveCfg = Debug|Any CPU
		{E71F26B5-3FDC-4777-A474-83611B30F1B2}.Debug|x86.Build.0 = Debug|Any CPU
		{E71F26B5-3FDC-4777-A474-83611B30F1B2}.Release|Any CPU.ActiveCfg = Release|Any CPU
		{E71F26B5-3FDC-4777-A474-83611B30F1B2}.Release|Any CPU.Build.0 = Release|Any CPU
		{E71F26B5-3FDC-4777-A474-83611B30F1B2}.Release|x64.ActiveCfg = Release|Any CPU
		{E71F26B5-3FDC-4777-A474-83611B30F1B2}.Release|x64.Build.0 = Release|Any CPU
		{E71F26B5-3FDC-4777-A474-83611B30F1B2}.Release|x86.ActiveCfg = Release|Any CPU
		{E71F26B5-3FDC-4777-A474-83611B30F1B2}.Release|x86.Build.0 = Release|Any CPU
		{29EAD2A3-CC2B-460D-912F-43071DC97513}.Debug|Any CPU.ActiveCfg = Debug|Any CPU
		{29EAD2A3-CC2B-460D-912F-43071DC97513}.Debug|Any CPU.Build.0 = Debug|Any CPU
		{29EAD2A3-CC2B-460D-912F-43071DC97513}.Debug|x64.ActiveCfg = Debug|Any CPU
		{29EAD2A3-CC2B-460D-912F-43071DC97513}.Debug|x64.Build.0 = Debug|Any CPU
		{29EAD2A3-CC2B-460D-912F-43071DC97513}.Debug|x86.ActiveCfg = Debug|Any CPU
		{29EAD2A3-CC2B-460D-912F-43071DC97513}.Debug|x86.Build.0 = Debug|Any CPU
		{29EAD2A3-CC2B-460D-912F-43071DC97513}.Release|Any CPU.ActiveCfg = Release|Any CPU
		{29EAD2A3-CC2B-460D-912F-43071DC97513}.Release|Any CPU.Build.0 = Release|Any CPU
		{29EAD2A3-CC2B-460D-912F-43071DC97513}.Release|x64.ActiveCfg = Release|Any CPU
		{29EAD2A3-CC2B-460D-912F-43071DC97513}.Release|x64.Build.0 = Release|Any CPU
		{29EAD2A3-CC2B-460D-912F-43071DC97513}.Release|x86.ActiveCfg = Release|Any CPU
		{29EAD2A3-CC2B-460D-912F-43071DC97513}.Release|x86.Build.0 = Release|Any CPU
		{BB7CEDD2-822E-45F8-8733-ABDB76CEC5D8}.Debug|Any CPU.ActiveCfg = Debug|x64
		{BB7CEDD2-822E-45F8-8733-ABDB76CEC5D8}.Debug|Any CPU.Build.0 = Debug|x64
		{BB7CEDD2-822E-45F8-8733-ABDB76CEC5D8}.Debug|x64.ActiveCfg = Debug|x64
		{BB7CEDD2-822E-45F8-8733-ABDB76CEC5D8}.Debug|x64.Build.0 = Debug|x64
		{BB7CEDD2-822E-45F8-8733-ABDB76CEC5D8}.Debug|x86.ActiveCfg = Debug|x64
		{BB7CEDD2-822E-45F8-8733-ABDB76CEC5D8}.Debug|x86.Build.0 = Debug|x64
		{BB7CEDD2-822E-45F8-8733-ABDB76CEC5D8}.Release|Any CPU.ActiveCfg = Release|x64
		{BB7CEDD2-822E-45F8-8733-ABDB76CEC5D8}.Release|Any CPU.Build.0 = Release|x64
		{BB7CEDD2-822E-45F8-8733-ABDB76CEC5D8}.Release|x64.ActiveCfg = Release|x64
		{BB7CEDD2-822E-45F8-8733-ABDB76CEC5D8}.Release|x64.Build.0 = Release|x64
		{BB7CEDD2-822E-45F8-8733-ABDB76CEC5D8}.Release|x86.ActiveCfg = Release|x64
		{BB7CEDD2-822E-45F8-8733-ABDB76CEC5D8}.Release|x86.Build.0 = Release|x64
		{1D2168D4-1805-420B-9743-2BE08D064746}.Debug|Any CPU.ActiveCfg = Debug|Any CPU
		{1D2168D4-1805-420B-9743-2BE08D064746}.Debug|Any CPU.Build.0 = Debug|Any CPU
		{1D2168D4-1805-420B-9743-2BE08D064746}.Debug|x64.ActiveCfg = Debug|Any CPU
		{1D2168D4-1805-420B-9743-2BE08D064746}.Debug|x64.Build.0 = Debug|Any CPU
		{1D2168D4-1805-420B-9743-2BE08D064746}.Debug|x86.ActiveCfg = Debug|Any CPU
		{1D2168D4-1805-420B-9743-2BE08D064746}.Debug|x86.Build.0 = Debug|Any CPU
		{1D2168D4-1805-420B-9743-2BE08D064746}.Release|Any CPU.ActiveCfg = Release|Any CPU
		{1D2168D4-1805-420B-9743-2BE08D064746}.Release|Any CPU.Build.0 = Release|Any CPU
		{1D2168D4-1805-420B-9743-2BE08D064746}.Release|x64.ActiveCfg = Release|Any CPU
		{1D2168D4-1805-420B-9743-2BE08D064746}.Release|x64.Build.0 = Release|Any CPU
		{1D2168D4-1805-420B-9743-2BE08D064746}.Release|x86.ActiveCfg = Release|Any CPU
		{1D2168D4-1805-420B-9743-2BE08D064746}.Release|x86.Build.0 = Release|Any CPU
		{0DC1C222-E63C-4D90-98C8-593BB2404D1E}.Debug|Any CPU.ActiveCfg = Debug|Any CPU
		{0DC1C222-E63C-4D90-98C8-593BB2404D1E}.Debug|Any CPU.Build.0 = Debug|Any CPU
		{0DC1C222-E63C-4D90-98C8-593BB2404D1E}.Debug|x64.ActiveCfg = Debug|Any CPU
		{0DC1C222-E63C-4D90-98C8-593BB2404D1E}.Debug|x64.Build.0 = Debug|Any CPU
		{0DC1C222-E63C-4D90-98C8-593BB2404D1E}.Debug|x86.ActiveCfg = Debug|Any CPU
		{0DC1C222-E63C-4D90-98C8-593BB2404D1E}.Debug|x86.Build.0 = Debug|Any CPU
		{0DC1C222-E63C-4D90-98C8-593BB2404D1E}.Release|Any CPU.ActiveCfg = Release|Any CPU
		{0DC1C222-E63C-4D90-98C8-593BB2404D1E}.Release|Any CPU.Build.0 = Release|Any CPU
		{0DC1C222-E63C-4D90-98C8-593BB2404D1E}.Release|x64.ActiveCfg = Release|Any CPU
		{0DC1C222-E63C-4D90-98C8-593BB2404D1E}.Release|x64.Build.0 = Release|Any CPU
		{0DC1C222-E63C-4D90-98C8-593BB2404D1E}.Release|x86.ActiveCfg = Release|Any CPU
		{0DC1C222-E63C-4D90-98C8-593BB2404D1E}.Release|x86.Build.0 = Release|Any CPU
		{3D7D510B-D2B9-4529-A3FD-54169D05C1A5}.Debug|Any CPU.ActiveCfg = Debug|Any CPU
		{3D7D510B-D2B9-4529-A3FD-54169D05C1A5}.Debug|Any CPU.Build.0 = Debug|Any CPU
		{3D7D510B-D2B9-4529-A3FD-54169D05C1A5}.Debug|x64.ActiveCfg = Debug|Any CPU
		{3D7D510B-D2B9-4529-A3FD-54169D05C1A5}.Debug|x64.Build.0 = Debug|Any CPU
		{3D7D510B-D2B9-4529-A3FD-54169D05C1A5}.Debug|x86.ActiveCfg = Debug|Any CPU
		{3D7D510B-D2B9-4529-A3FD-54169D05C1A5}.Debug|x86.Build.0 = Debug|Any CPU
		{3D7D510B-D2B9-4529-A3FD-54169D05C1A5}.Release|Any CPU.ActiveCfg = Release|Any CPU
		{3D7D510B-D2B9-4529-A3FD-54169D05C1A5}.Release|Any CPU.Build.0 = Release|Any CPU
		{3D7D510B-D2B9-4529-A3FD-54169D05C1A5}.Release|x64.ActiveCfg = Release|Any CPU
		{3D7D510B-D2B9-4529-A3FD-54169D05C1A5}.Release|x64.Build.0 = Release|Any CPU
		{3D7D510B-D2B9-4529-A3FD-54169D05C1A5}.Release|x86.ActiveCfg = Release|Any CPU
		{3D7D510B-D2B9-4529-A3FD-54169D05C1A5}.Release|x86.Build.0 = Release|Any CPU
	EndGlobalSection
	GlobalSection(SolutionProperties) = preSolution
		HideSolutionNode = FALSE
	EndGlobalSection
	GlobalSection(NestedProjects) = preSolution
		{E71F26B5-3FDC-4777-A474-83611B30F1B2} = {827E0CD3-B72D-47B6-A68D-7590B98EB39B}
		{29EAD2A3-CC2B-460D-912F-43071DC97513} = {827E0CD3-B72D-47B6-A68D-7590B98EB39B}
		{BB7CEDD2-822E-45F8-8733-ABDB76CEC5D8} = {827E0CD3-B72D-47B6-A68D-7590B98EB39B}
		{1D2168D4-1805-420B-9743-2BE08D064746} = {0AB3BF05-4346-4AA6-1389-037BE0695223}
		{0DC1C222-E63C-4D90-98C8-593BB2404D1E} = {0AB3BF05-4346-4AA6-1389-037BE0695223}
		{3D7D510B-D2B9-4529-A3FD-54169D05C1A5} = {0AB3BF05-4346-4AA6-1389-037BE0695223}
	EndGlobalSection
EndGlobal
